[[package]]
name = "appnope"
version = "0.1.0"
description = "Disable App Nap on OS X 10.9"
category = "dev"
optional = false
python-versions = "*"

[[package]]
name = "backcall"
version = "0.1.0"
description = "Specifications for callback functions passed in to an API"
category = "dev"
optional = false
python-versions = "*"

[[package]]
name = "colorama"
version = "0.4.1"
description = "Cross-platform colored terminal text."
category = "dev"
optional = false
python-versions = ">=2.7, !=3.0.*, !=3.1.*, !=3.2.*, !=3.3.*"

[[package]]
name = "decorator"
version = "4.4.0"
description = "Better living through Python with decorators"
category = "dev"
optional = false
python-versions = ">=2.6, !=3.0.*, !=3.1.*"

[[package]]
name = "grpcio"
version = "1.24.0"
description = "HTTP/2-based RPC framework"
category = "main"
optional = false
python-versions = "*"

[package.dependencies]
six = ">=1.5.2"

[[package]]
name = "grpcio-tools"
version = "1.24.0"
description = "Protobuf code generator for gRPC"
category = "main"
optional = false
python-versions = "*"

[package.dependencies]
grpcio = ">=1.24.0"
protobuf = ">=3.5.0.post1"

[[package]]
name = "ipdb"
version = "0.12.2"
description = "IPython-enabled pdb"
category = "dev"
optional = false
python-versions = ">=2.7"

[package.dependencies]
ipython = {version = ">=5.1.0", markers = "python_version >= \"3.4\""}
setuptools = "*"

[[package]]
name = "ipython"
version = "7.8.0"
description = "IPython: Productive Interactive Computing"
category = "dev"
optional = false
python-versions = ">=3.5"

[package.dependencies]
appnope = {version = "*", markers = "sys_platform == \"darwin\""}
backcall = "*"
colorama = {version = "*", markers = "sys_platform == \"win32\""}
decorator = "*"
jedi = ">=0.10"
pexpect = {version = "*", markers = "sys_platform != \"win32\""}
pickleshare = "*"
prompt-toolkit = ">=2.0.0,<2.1.0"
pygments = "*"
setuptools = ">=18.5"
traitlets = ">=4.2"

[package.extras]
all = ["Sphinx (>=1.3)", "ipykernel", "ipyparallel", "ipywidgets", "nbconvert", "nbformat", "nose (>=0.10.1)", "notebook", "numpy", "pygments", "qtconsole", "requests", "testpath"]
doc = ["Sphinx (>=1.3)"]
kernel = ["ipykernel"]
nbconvert = ["nbconvert"]
nbformat = ["nbformat"]
notebook = ["ipywidgets", "notebook"]
parallel = ["ipyparallel"]
qtconsole = ["qtconsole"]
test = ["ipykernel", "nbformat", "nose (>=0.10.1)", "numpy", "pygments", "requests", "testpath"]

[[package]]
name = "ipython-genutils"
version = "0.2.0"
description = "Vestigial utilities from IPython"
category = "dev"
optional = false
python-versions = "*"

[[package]]
name = "jedi"
version = "0.15.1"
description = "An autocompletion tool for Python that can be used for text editors."
category = "dev"
optional = false
python-versions = ">=2.7, !=3.0.*, !=3.1.*, !=3.2.*, !=3.3.*"

[package.dependencies]
parso = ">=0.5.0"

[package.extras]
testing = ["colorama", "docopt", "pytest (>=3.1.0,<5.0.0)"]

[[package]]
name = "parso"
version = "0.5.1"
description = "A Python Parser"
category = "dev"
optional = false
python-versions = "*"

[package.extras]
testing = ["docopt", "pytest (>=3.0.7)"]

[[package]]
name = "pexpect"
version = "4.7.0"
description = "Pexpect allows easy control of interactive console applications."
category = "dev"
optional = false
python-versions = "*"

[package.dependencies]
ptyprocess = ">=0.5"

[[package]]
name = "pickleshare"
version = "0.7.5"
description = "Tiny 'shelve'-like database with concurrency support"
category = "dev"
optional = false
python-versions = "*"

[[package]]
name = "prompt-toolkit"
version = "2.0.9"
description = "Library for building powerful interactive command lines in Python"
category = "dev"
optional = false
python-versions = "*"

[package.dependencies]
six = ">=1.9.0"
wcwidth = "*"

[[package]]
name = "protobuf"
version = "3.18.3"
description = "Protocol Buffers"
category = "main"
optional = false
python-versions = ">=3.5"

[[package]]
name = "ptyprocess"
version = "0.6.0"
description = "Run a subprocess in a pseudo terminal"
category = "dev"
optional = false
python-versions = "*"

[[package]]
name = "pygments"
version = "2.4.2"
description = "Pygments is a syntax highlighting package written in Python."
category = "dev"
optional = false
python-versions = ">=2.7, !=3.0.*, !=3.1.*, !=3.2.*, !=3.3.*, !=3.4.*"

[[package]]
name = "setuptools"
version = "65.3.0"
description = "Easily download, build, install, upgrade, and uninstall Python packages"
category = "dev"
optional = false
python-versions = ">=3.7"

[package.extras]
docs = ["furo", "jaraco.packaging (>=9)", "jaraco.tidelift (>=1.4)", "pygments-github-lexers (==0.0.5)", "rst.linker (>=1.9)", "sphinx", "sphinx-favicon", "sphinx-hoverxref (<2)", "sphinx-inline-tabs", "sphinx-notfound-page (==0.8.3)", "sphinx-reredirects", "sphinxcontrib-towncrier"]
testing = ["build[virtualenv]", "filelock (>=3.4.0)", "flake8 (<5)", "flake8-2020", "ini2toml[lite] (>=0.9)", "jaraco.envs (>=2.2)", "jaraco.path (>=3.2.0)", "mock", "pip (>=19.1)", "pip-run (>=8.8)", "pytest (>=6)", "pytest-black (>=0.3.7)", "pytest-checkdocs (>=2.4)", "pytest-cov", "pytest-enabler (>=1.3)", "pytest-flake8", "pytest-mypy (>=0.9.1)", "pytest-perf", "pytest-xdist", "tomli-w (>=1.0.0)", "virtualenv (>=13.0.0)", "wheel"]
testing-integration = ["build[virtualenv]", "filelock (>=3.4.0)", "jaraco.envs (>=2.2)", "jaraco.path (>=3.2.0)", "pytest", "pytest-enabler", "pytest-xdist", "tomli", "virtualenv (>=13.0.0)", "wheel"]

[[package]]
name = "six"
version = "1.12.0"
description = "Python 2 and 3 compatibility utilities"
category = "main"
optional = false
python-versions = ">=2.6, !=3.0.*, !=3.1.*"

[[package]]
name = "traitlets"
version = "4.3.2"
description = "Traitlets Python config system"
category = "dev"
optional = false
python-versions = "*"

[package.dependencies]
decorator = "*"
ipython-genutils = "*"
six = "*"

[package.extras]
test = ["mock", "pytest"]

[[package]]
name = "wcwidth"
version = "0.1.7"
description = "Measures number of Terminal column cells of wide-character codes"
category = "dev"
optional = false
python-versions = "*"

[metadata]
lock-version = "1.1"
python-versions = "^3.7"
content-hash = "8212df63c0a18cf77b7d38444934185fe04697c583f67d5a57d1b097e3b10784"

[metadata.files]
appnope = [
    {file = "appnope-0.1.0-py2.py3-none-any.whl", hash = "sha256:5b26757dc6f79a3b7dc9fab95359328d5747fcb2409d331ea66d0272b90ab2a0"},
    {file = "appnope-0.1.0.tar.gz", hash = "sha256:8b995ffe925347a2138d7ac0fe77155e4311a0ea6d6da4f5128fe4b3cbe5ed71"},
]
backcall = [
    {file = "backcall-0.1.0.tar.gz", hash = "sha256:38ecd85be2c1e78f77fd91700c76e14667dc21e2713b63876c0eb901196e01e4"},
    {file = "backcall-0.1.0.zip", hash = "sha256:bbbf4b1e5cd2bdb08f915895b51081c041bac22394fdfcfdfbe9f14b77c08bf2"},
]
colorama = [
    {file = "colorama-0.4.1-py2.py3-none-any.whl", hash = "sha256:f8ac84de7840f5b9c4e3347b3c1eaa50f7e49c2b07596221daec5edaabbd7c48"},
    {file = "colorama-0.4.1.tar.gz", hash = "sha256:05eed71e2e327246ad6b38c540c4a3117230b19679b875190486ddd2d721422d"},
]
decorator = [
    {file = "decorator-4.4.0-py2.py3-none-any.whl", hash = "sha256:f069f3a01830ca754ba5258fde2278454a0b5b79e0d7f5c13b3b97e57d4acff6"},
    {file = "decorator-4.4.0.tar.gz", hash = "sha256:86156361c50488b84a3f148056ea716ca587df2f0de1d34750d35c21312725de"},
]
grpcio = [
    {file = "grpcio-1.24.0-cp27-cp27m-macosx_10_9_x86_64.whl", hash = "sha256:c521c5f8a95baabba69c68dd0f5e34f37c8adf1a9691f9884dba3eab4ebadc29"},
    {file = "grpcio-1.24.0-cp27-cp27m-manylinux1_i686.whl", hash = "sha256:dfb6063619f297cbd22c67530d7465d98348b35d0424bbc1756b36c5ef9f99d4"},
    {file = "grpcio-1.24.0-cp27-cp27m-manylinux1_x86_64.whl", hash = "sha256:d7490e013c4bad3e8db804fc6483b47125dc8df0ebcfd6e419bd25df35025301"},
    {file = "grpcio-1.24.0-cp27-cp27m-win32.whl", hash = "sha256:c772edd094fe3e54d6d54fdecb90c51cb8d07b55e9c1cda2d33e9615e33d07e8"},
    {file = "grpcio-1.24.0-cp27-cp27m-win_amd64.whl", hash = "sha256:cebfba6542855403b29e4bc95bbcd5ab444f21137b440f2fb7c7925ca0e55bfd"},
    {file = "grpcio-1.24.0-cp27-cp27mu-linux_armv7l.whl", hash = "sha256:0337debec20fe385bcd49048d6917270efbc17a5119857466559b4db91f8995b"},
    {file = "grpcio-1.24.0-cp27-cp27mu-manylinux1_i686.whl", hash = "sha256:c13ae15695e0eb4ba2db920d6a197171d2398c675afa4f27460b6381d20a6884"},
    {file = "grpcio-1.24.0-cp27-cp27mu-manylinux1_x86_64.whl", hash = "sha256:18f4b536d8a9cfa15b3214e0bb628071def94160699e91798f0a954c3b2db88d"},
    {file = "grpcio-1.24.0-cp34-cp34m-linux_armv7l.whl", hash = "sha256:a5a81472c0ca6181492b9291c316ff60c6c94dd3f21c1e8c481f21923d899af0"},
    {file = "grpcio-1.24.0-cp34-cp34m-macosx_10_7_intel.whl", hash = "sha256:2283b56bda49b068b0f08d006fffc7dd46eae72322f1a5dec87fc9c218f1dc2d"},
    {file = "grpcio-1.24.0-cp34-cp34m-manylinux1_i686.whl", hash = "sha256:4c2f1d0b27bcef301e5d5c1da05ffd7d174f807f61889c006b8e708b16bc978e"},
    {file = "grpcio-1.24.0-cp34-cp34m-manylinux1_x86_64.whl", hash = "sha256:e80a15b48a66f35c7c33db2a7df4034a533b362269d0e60e0036e23f14bac7b5"},
    {file = "grpcio-1.24.0-cp34-cp34m-win32.whl", hash = "sha256:c4a233a00cc5b64543e97733902151bc6738396931b3c166aad03a3aaadbd479"},
    {file = "grpcio-1.24.0-cp34-cp34m-win_amd64.whl", hash = "sha256:ffa1be3d566a9cbd21a5f2d95fd9262ec6c337c499291bfeb51547b8de18942e"},
    {file = "grpcio-1.24.0-cp35-cp35m-linux_armv7l.whl", hash = "sha256:ea444fa1c1ec4f8d2ce965bb01e06148ef9ceb398fb2f627511d50f137eac35b"},
    {file = "grpcio-1.24.0-cp35-cp35m-macosx_10_7_intel.whl", hash = "sha256:26b33f488a955bf49262d2ce3423d3a8174108506d8f819e8150aca21bdd3b99"},
    {file = "grpcio-1.24.0-cp35-cp35m-manylinux1_i686.whl", hash = "sha256:97ab9e35b47bda0441332204960f95c1169c55ec8e989381bedd32bdb9f78b05"},
    {file = "grpcio-1.24.0-cp35-cp35m-manylinux1_x86_64.whl", hash = "sha256:59b8d738867b59c5daaff5df242b5f3f9c58b47862f603c6ee530964b897b69b"},
    {file = "grpcio-1.24.0-cp35-cp35m-win32.whl", hash = "sha256:31cc9b6f70bdd0d9ff53df2d563ea1fb278601d5c625932d8a82d03b08ff3de0"},
    {file = "grpcio-1.24.0-cp35-cp35m-win_amd64.whl", hash = "sha256:b36bf4408f8400ee9ab13ff129e71f2e4c72ce2d8886b744aeab77ce50a55cf6"},
    {file = "grpcio-1.24.0-cp36-cp36m-linux_armv7l.whl", hash = "sha256:172dfba8d9621048c2cbc1d1cf7a02244e9a9a8cff5bb79bb30bcb0c13c7fd31"},
    {file = "grpcio-1.24.0-cp36-cp36m-macosx_10_9_x86_64.whl", hash = "sha256:37dd8684fbc2bc00766ae6784bcbd7f874bc96527636a341411db811d04ff650"},
    {file = "grpcio-1.24.0-cp36-cp36m-manylinux1_i686.whl", hash = "sha256:431c099f20a1f1d97def98f87bb74fa752e8819c2bab23d79089353aed1acc9b"},
    {file = "grpcio-1.24.0-cp36-cp36m-manylinux1_x86_64.whl", hash = "sha256:ec986cbf8837a49f9612cc1cfc2a8ccb54875cfce5355a121279de35124ea1db"},
    {file = "grpcio-1.24.0-cp36-cp36m-win32.whl", hash = "sha256:424c01189ef51a808669f020368b01204e0f1fa0bf2adab7c8d0d13166f92e9e"},
    {file = "grpcio-1.24.0-cp36-cp36m-win_amd64.whl", hash = "sha256:164f82a99e08797ea786283b66b45ebe76772d321577d1674ba6fe0200155892"},
    {file = "grpcio-1.24.0-cp37-cp37m-macosx_10_9_x86_64.whl", hash = "sha256:9cf93e185507bfdaa7ed45a90049bd3f1ed3f6357ad3772b31e993ff723cf67d"},
    {file = "grpcio-1.24.0-cp37-cp37m-manylinux1_i686.whl", hash = "sha256:8d4f1ee2a67cf8f792d4fc9b8c7bb2148174e838d935f175653aec234752828b"},
    {file = "grpcio-1.24.0-cp37-cp37m-manylinux1_x86_64.whl", hash = "sha256:aaa1feb0fdd094af6db0a16cbd446ed94285a50e320aede5971152d9ea022df8"},
    {file = "grpcio-1.24.0-cp37-cp37m-win32.whl", hash = "sha256:fb88bd791c8efbcb36de12f0aa519ceec0b7806d3decff16e412e097d4725d44"},
    {file = "grpcio-1.24.0-cp37-cp37m-win_amd64.whl", hash = "sha256:fb641df6de8c4a55c784c24d334d53096954d9b30679d3ce5eb6a4d25c1020a3"},
    {file = "grpcio-1.24.0.tar.gz", hash = "sha256:bb345f7e98b38a2c1ef33ff1145687234f78dfeedf308b41b3e41f4b42eba099"},
]
grpcio-tools = [
    {file = "grpcio-tools-1.24.0.tar.gz", hash = "sha256:7245ef62573ce5cd71a7ffc84f6e0cca673951e77495fcf06eb1cd00e93f251e"},
    {file = "grpcio_tools-1.24.0-cp27-cp27m-macosx_10_9_x86_64.whl", hash = "sha256:b8e8ea06f6658b7924943a72be204ad046358f6cb8e459e5f62a77222f4732cf"},
    {file = "grpcio_tools-1.24.0-cp27-cp27m-manylinux1_i686.whl", hash = "sha256:858872fc7bf598204ad8ed5abab6ca568b8173443c74cc556bec03d01167a7f0"},
    {file = "grpcio_tools-1.24.0-cp27-cp27m-manylinux1_x86_64.whl", hash = "sha256:4bcedb97ac2ccf67d7686ab177677b0c1be2abd750b12546fc698c030baad3ce"},
    {file = "grpcio_tools-1.24.0-cp27-cp27m-win32.whl", hash = "sha256:355c7512e4cfb15e9537b78d663fca21e6678bceb36500e99eec04323880ef8b"},
    {file = "grpcio_tools-1.24.0-cp27-cp27m-win_amd64.whl", hash = "sha256:812b0437dae2cb07e7bf30c0c0c50c152a6e93caff5618aac2384199a0e2eb4e"},
    {file = "grpcio_tools-1.24.0-cp27-cp27mu-linux_armv7l.whl", hash = "sha256:0addae4886b64a2c680679624b7d5f6daaca86cd90adc95ec9b60f1811a533c6"},
    {file = "grpcio_tools-1.24.0-cp27-cp27mu-manylinux1_i686.whl", hash = "sha256:9269f99de915c82f384d599f84eb0a2de693a695059d95edc2ac5cf24e6f2a2e"},
    {file = "grpcio_tools-1.24.0-cp27-cp27mu-manylinux1_x86_64.whl", hash = "sha256:f2e199c283e327351744657172fc2e696f0cebd5fcb3a2682ff9dba8088c3e9f"},
    {file = "grpcio_tools-1.24.0-cp34-cp34m-linux_armv7l.whl", hash = "sha256:b39f203c763e75686a77efaf9338c64d43743166b4a6ddf9c436c97e29254089"},
    {file = "grpcio_tools-1.24.0-cp34-cp34m-macosx_10_9_intel.whl", hash = "sha256:9b56125f10ff5a1dd53c6614444193fab56a779f4a2057f462c18f9fcfd9df65"},
    {file = "grpcio_tools-1.24.0-cp34-cp34m-manylinux1_i686.whl", hash = "sha256:ea28d9e9c905c552aa39e4a1be26fe1e19f75b5bec717fd617bb006866f9ce39"},
    {file = "grpcio_tools-1.24.0-cp34-cp34m-manylinux1_x86_64.whl", hash = "sha256:a0fee8446eca3e4dbe250fe357671f516d7b9ad8c18c117fac0f1e8003a49f99"},
    {file = "grpcio_tools-1.24.0-cp34-cp34m-win32.whl", hash = "sha256:dd122f34ace48dd8d7976df0188211dd18f9d9d0c704695154f631a57d1d1576"},
    {file = "grpcio_tools-1.24.0-cp34-cp34m-win_amd64.whl", hash = "sha256:f8a791d27432c36ea9d13da33a2ebd5c6627c4afebb1bda7e4da1f868303801e"},
    {file = "grpcio_tools-1.24.0-cp35-cp35m-linux_armv7l.whl", hash = "sha256:c0c1670f82d15013832af7bf3bfc6658f103ec8aff88941bfcd0203702412e50"},
    {file = "grpcio_tools-1.24.0-cp35-cp35m-macosx_10_9_intel.whl", hash = "sha256:fd0e2224d4e4067cc975a3d3d1b8dca175aa40f859d81795ce18a97d2a0db7b3"},
    {file = "grpcio_tools-1.24.0-cp35-cp35m-manylinux1_i686.whl", hash = "sha256:bf1267089167c699bda85da49d16f6ff0719aaf6e135c6a2b969fd445e55dbd2"},
    {file = "grpcio_tools-1.24.0-cp35-cp35m-manylinux1_x86_64.whl", hash = "sha256:523623e12d00b939590f7a5e948fb50946d348562f97b3ebde7886e159adce8f"},
    {file = "grpcio_tools-1.24.0-cp35-cp35m-win32.whl", hash = "sha256:077a9a088d6e67ef35d23bb3fea0f3aae26346a589df3fab45f5a77c5c4546ab"},
    {file = "grpcio_tools-1.24.0-cp35-cp35m-win_amd64.whl", hash = "sha256:9b2810b89455b63c2475ab83f492281eddabd50556a8695d219238c89578999b"},
    {file = "grpcio_tools-1.24.0-cp36-cp36m-linux_armv7l.whl", hash = "sha256:3568a2122feb05b64e3fc6e02202ad929d8edd673d28912f62f8836a6cb3a4a3"},
    {file = "grpcio_tools-1.24.0-cp36-cp36m-macosx_10_9_x86_64.whl", hash = "sha256:bf22515ea227efe0a613fba19ed2ca6a92ae60046bff28f3d4e98f428fb321a8"},
    {file = "grpcio_tools-1.24.0-cp36-cp36m-manylinux1_i686.whl", hash = "sha256:d259156c2afae61a4d4a52d9782084015df19fb6cbaa276110041c3431f89778"},
    {file = "grpcio_tools-1.24.0-cp36-cp36m-manylinux1_x86_64.whl", hash = "sha256:3b0b4b804bdbd48b1240c832e45f9ddc634f600ab02eb2d561eccac5467f4fa0"},
    {file = "grpcio_tools-1.24.0-cp36-cp36m-win32.whl", hash = "sha256:32c112d0a6d435a89468fb94e0dee40e66e798097e8a33bfff0addf81434ead1"},
    {file = "grpcio_tools-1.24.0-cp36-cp36m-win_amd64.whl", hash = "sha256:1a197412de29f2aa68a212abf303b4e512d2048edb1e6b858e48eb4e53134f52"},
    {file = "grpcio_tools-1.24.0-cp37-cp37m-macosx_10_9_x86_64.whl", hash = "sha256:aeb020d8054eb5047def7d86aa99bc5bbb5a6d504fde4e5a5b392cec3418d385"},
    {file = "grpcio_tools-1.24.0-cp37-cp37m-manylinux1_i686.whl", hash = "sha256:506f9f39636bed168bf6ead93c5fa5ca5573f425840149c02a910008c929cd77"},
    {file = "grpcio_tools-1.24.0-cp37-cp37m-manylinux1_x86_64.whl", hash = "sha256:d2bdab26d14ec9a11ae9052c9a5f73093cf1466acc6e8ed347a37d60b4b3ffd0"},
    {file = "grpcio_tools-1.24.0-cp37-cp37m-win32.whl", hash = "sha256:d8e88ddc29467862b25425d6d0616eda059759839180498ee0983660f24f0af1"},
    {file = "grpcio_tools-1.24.0-cp37-cp37m-win_amd64.whl", hash = "sha256:cc2d24744f6494314b941af386da31c8fc7a26ed1337aa30a5852175f9521bd3"},
]
ipdb = [
    {file = "ipdb-0.12.2.tar.gz", hash = "sha256:473fdd798a099765f093231a8b1fabfa95b0b682fce12de0c74b61a4b4d8ee57"},
]
ipython = [
    {file = "ipython-7.8.0-py3-none-any.whl", hash = "sha256:c4ab005921641e40a68e405e286e7a1fcc464497e14d81b6914b4fd95e5dee9b"},
    {file = "ipython-7.8.0.tar.gz", hash = "sha256:dd76831f065f17bddd7eaa5c781f5ea32de5ef217592cf019e34043b56895aa1"},
]
ipython-genutils = [
    {file = "ipython_genutils-0.2.0-py2.py3-none-any.whl", hash = "sha256:72dd37233799e619666c9f639a9da83c34013a73e8bbc79a7a6348d93c61fab8"},
    {file = "ipython_genutils-0.2.0.tar.gz", hash = "sha256:eb2e116e75ecef9d4d228fdc66af54269afa26ab4463042e33785b887c628ba8"},
]
jedi = [
    {file = "jedi-0.15.1-py2.py3-none-any.whl", hash = "sha256:786b6c3d80e2f06fd77162a07fed81b8baa22dde5d62896a790a331d6ac21a27"},
    {file = "jedi-0.15.1.tar.gz", hash = "sha256:ba859c74fa3c966a22f2aeebe1b74ee27e2a462f56d3f5f7ca4a59af61bfe42e"},
]
parso = [
    {file = "parso-0.5.1-py2.py3-none-any.whl", hash = "sha256:63854233e1fadb5da97f2744b6b24346d2750b85965e7e399bec1620232797dc"},
    {file = "parso-0.5.1.tar.gz", hash = "sha256:666b0ee4a7a1220f65d367617f2cd3ffddff3e205f3f16a0284df30e774c2a9c"},
]
pexpect = [
    {file = "pexpect-4.7.0-py2.py3-none-any.whl", hash = "sha256:2094eefdfcf37a1fdbfb9aa090862c1a4878e5c7e0e7e7088bdb511c558e5cd1"},
    {file = "pexpect-4.7.0.tar.gz", hash = "sha256:9e2c1fd0e6ee3a49b28f95d4b33bc389c89b20af6a1255906e90ff1262ce62eb"},
]
pickleshare = [
    {file = "pickleshare-0.7.5-py2.py3-none-any.whl", hash = "sha256:9649af414d74d4df115d5d718f82acb59c9d418196b7b4290ed47a12ce62df56"},
    {file = "pickleshare-0.7.5.tar.gz", hash = "sha256:87683d47965c1da65cdacaf31c8441d12b8044cdec9aca500cd78fc2c683afca"},
]
prompt-toolkit = [
    {file = "prompt_toolkit-2.0.9-py2-none-any.whl", hash = "sha256:977c6583ae813a37dc1c2e1b715892461fcbdaa57f6fc62f33a528c4886c8f55"},
    {file = "prompt_toolkit-2.0.9-py3-none-any.whl", hash = "sha256:11adf3389a996a6d45cc277580d0d53e8a5afd281d0c9ec71b28e6f121463780"},
    {file = "prompt_toolkit-2.0.9.tar.gz", hash = "sha256:2519ad1d8038fd5fc8e770362237ad0364d16a7650fb5724af6997ed5515e3c1"},
]
protobuf = [
    {file = "protobuf-3.18.3-cp36-cp36m-macosx_10_9_x86_64.whl", hash = "sha256:370a6b885e94adda021d4cbe43accdfbf6a02af651a0be337a28906a3fa77f3d"},
    {file = "protobuf-3.18.3-cp36-cp36m-manylinux_2_17_x86_64.manylinux2014_x86_64.whl", hash = "sha256:6741d7d1cfcbdd6cf610f38b7976cf8c0b41022203555298925e4061b6616608"},
    {file = "protobuf-3.18.3-cp36-cp36m-win32.whl", hash = "sha256:3149c373e9b7ce296bb24d42a3eb677d620185b5dff2c390b2cf57baf79afdc1"},
    {file = "protobuf-3.18.3-cp36-cp36m-win_amd64.whl", hash = "sha256:850da2072d98c6e576b7eb29734cdde6fd9f5d157e43d7818d79f4b373ef5d51"},
    {file = "protobuf-3.18.3-cp37-cp37m-macosx_10_9_x86_64.whl", hash = "sha256:0c44e01f74109decea196b5b313b08edb5316df77313995594a6981e95674259"},
    {file = "protobuf-3.18.3-cp37-cp37m-manylinux2014_aarch64.whl", hash = "sha256:85d1fb5ff1d638a0045bbe4f01a8f287023aa4f2b29011445b1be0edc74a2103"},
    {file = "protobuf-3.18.3-cp37-cp37m-manylinux_2_17_x86_64.manylinux2014_x86_64.whl", hash = "sha256:cde2a73b03049b904dbc5d0f500b97e11abb4109dbe2940e6a1595e2eef4e8a9"},
    {file = "protobuf-3.18.3-cp37-cp37m-win32.whl", hash = "sha256:b03966ca4d1aa7850f5bf0d841c22a8eeb6ce091f77e585ffeb8b95a6b0a96c4"},
    {file = "protobuf-3.18.3-cp37-cp37m-win_amd64.whl", hash = "sha256:d52a687e2c74c40f45abd6906f833d4e40f0f8cfa4226a80e4695fedafe6c57e"},
    {file = "protobuf-3.18.3-cp38-cp38-macosx_10_9_x86_64.whl", hash = "sha256:700787cb56b4cb7b8ed5f7d197b9d8f30080f257f3c7431eec1fdd8060660929"},
    {file = "protobuf-3.18.3-cp38-cp38-manylinux2014_aarch64.whl", hash = "sha256:e9bffd52d6ee039a1cafb72475b2900c6fd0f0dca667fb7a09af0a3e119e78cb"},
    {file = "protobuf-3.18.3-cp38-cp38-manylinux_2_17_x86_64.manylinux2014_x86_64.whl", hash = "sha256:8117b52c2531e4033f7d02b9be5a78564da41a8b02c255e1b731ad4bd75e7dc0"},
    {file = "protobuf-3.18.3-cp38-cp38-win32.whl", hash = "sha256:15cdecb0d192ab5f17cdc21a9c0ae7b5c6c4451e42c8a888a4f3344c190e369c"},
    {file = "protobuf-3.18.3-cp38-cp38-win_amd64.whl", hash = "sha256:e68ad00695547d9397dd14abd3efba23cb31cef67228f4512d41396971889812"},
    {file = "protobuf-3.18.3-cp39-cp39-macosx_10_9_x86_64.whl", hash = "sha256:474247630834f93214fafce49d2ee6ff4c036c8c5382b88432b7eae6f08f131b"},
    {file = "protobuf-3.18.3-cp39-cp39-manylinux2014_aarch64.whl", hash = "sha256:a7f91a4e5bf3cc58b2830c9cb01b04ac5e211c288048e9296cd407ec0455fb89"},
    {file = "protobuf-3.18.3-cp39-cp39-manylinux_2_17_x86_64.manylinux2014_x86_64.whl", hash = "sha256:6380aae2683d0d1b41199e591c8ba06f867e8a778d44309af87073c1b34a9f3a"},
    {file = "protobuf-3.18.3-cp39-cp39-win32.whl", hash = "sha256:98d414513ec44bb3ba77ebdeffcbbe6ebbf3630c767d37a285890c2414fdd4e2"},
    {file = "protobuf-3.18.3-cp39-cp39-win_amd64.whl", hash = "sha256:93bca9aaeee8008e15696c2a6b5e56b992da03f9d237ff54310e397d635f8305"},
    {file = "protobuf-3.18.3-py2.py3-none-any.whl", hash = "sha256:abbcb8ecd19cfb729b9b71f9a453e37c0c1c017be4bff47804ff25150685386d"},
    {file = "protobuf-3.18.3.tar.gz", hash = "sha256:196a153e487c0e20d62259872bbf2e1c4fa18e2ce97e20984fcbf9d8b151058d"},
]
ptyprocess = [
    {file = "ptyprocess-0.6.0-py2.py3-none-any.whl", hash = "sha256:d7cc528d76e76342423ca640335bd3633420dc1366f258cb31d05e865ef5ca1f"},
    {file = "ptyprocess-0.6.0.tar.gz", hash = "sha256:923f299cc5ad920c68f2bc0bc98b75b9f838b93b599941a6b63ddbc2476394c0"},
]
pygments = [
    {file = "Pygments-2.4.2-py2.py3-none-any.whl", hash = "sha256:71e430bc85c88a430f000ac1d9b331d2407f681d6f6aec95e8bcfbc3df5b0127"},
    {file = "Pygments-2.4.2.tar.gz", hash = "sha256:881c4c157e45f30af185c1ffe8d549d48ac9127433f2c380c24b84572ad66297"},
]
setuptools = [
    {file = "setuptools-65.3.0-py3-none-any.whl", hash = "sha256:2e24e0bec025f035a2e72cdd1961119f557d78ad331bb00ff82efb2ab8da8e82"},
    {file = "setuptools-65.3.0.tar.gz", hash = "sha256:7732871f4f7fa58fb6bdcaeadb0161b2bd046c85905dbaa066bdcbcc81953b57"},
]
six = [
    {file = "six-1.12.0-py2.py3-none-any.whl", hash = "sha256:3350809f0555b11f552448330d0b52d5f24c91a322ea4a15ef22629740f3761c"},
    {file = "six-1.12.0.tar.gz", hash = "sha256:d16a0141ec1a18405cd4ce8b4613101da75da0e9a7aec5bdd4fa804d0e0eba73"},
]
traitlets = [
    {file = "traitlets-4.3.2-py2.py3-none-any.whl", hash = "sha256:c6cb5e6f57c5a9bdaa40fa71ce7b4af30298fbab9ece9815b5d995ab6217c7d9"},
    {file = "traitlets-4.3.2.tar.gz", hash = "sha256:9c4bd2d267b7153df9152698efb1050a5d84982d3384a37b2c1f7723ba3e7835"},
]
wcwidth = [
    {file = "wcwidth-0.1.7-py2.py3-none-any.whl", hash = "sha256:f4ebe71925af7b40a864553f761ed559b43544f8f71746c2d756c7fe788ade7c"},
    {file = "wcwidth-0.1.7.tar.gz", hash = "sha256:3df37372226d6e63e1b1e1eda15c594bca98a22d33a23832a90998faa96bc65e"},
]
